
Microsoft Visual Studio Solution File, Format Version 12.00
# Visual Studio Version 16
VisualStudioVersion = 16.0.810.17
MinimumVisualStudioVersion = 10.0.40219.1
Project("{FAE04EC0-301F-11D3-BF4B-00C04F79EFBC}") = "ToolLibrary", "toolLibrary\toolLibrary.csproj", "{B5F0682E-BB0F-4E63-8F87-F94CDCF84DF6}"
EndProject
Global
	GlobalSection(SolutionConfigurationPlatforms) = preSolution
		Debug|Any CPU = Debug|Any CPU
		Release|Any CPU = Release|Any CPU
	EndGlobalSection
	GlobalSection(ProjectConfigurationPlatforms) = postSolution
		{B5F0682E-BB0F-4E63-8F87-F94CDCF84DF6}.Debug|Any CPU.ActiveCfg = Debug|Any CPU
		{B5F0682E-BB0F-4E63-8F87-F94CDCF84DF6}.Debug|Any CPU.Build.0 = Debug|Any CPU
		{B5F0682E-BB0F-4E63-8F87-F94CDCF84DF6}.Release|Any CPU.ActiveCfg = Release|Any CPU
		{B5F0682E-BB0F-4E63-8F87-F94CDCF84DF6}.Release|Any CPU.Build.0 = Release|Any CPU
	EndGlobalSection
	GlobalSection(SolutionProperties) = preSolution
		HideSolutionNode = FALSE
	EndGlobalSection
	GlobalSection(ExtensibilityGlobals) = postSolution
		SolutionGuid = {E3032881-7874-4E27-B8DC-D1FB5E8B8D42}
	EndGlobalSection
EndGlobal
